// !$*UTF8*$!
{
	archiveVersion = 1;
	classes = {
	};
	objectVersion = 56;
	objects = {

/* Begin PBXBuildFile section */
		5B666F602C7693B200B1601B /* BirthdaysApp.swift in Sources */ = {isa = PBXBuildFile; fileRef = 5B666F5F2C7693B200B1601B /* BirthdaysApp.swift */; };
		5B666F622C7693B200B1601B /* ContentView.swift in Sources */ = {isa = PBXBuildFile; fileRef = 5B666F612C7693B200B1601B /* ContentView.swift */; };
		5B666F642C7693B400B1601B /* Assets.xcassets in Resources */ = {isa = PBXBuildFile; fileRef = 5B666F632C7693B400B1601B /* Assets.xcassets */; };
		5B666F672C7693B400B1601B /* Preview Assets.xcassets in Resources */ = {isa = PBXBuildFile; fileRef = 5B666F662C7693B400B1601B /* Preview Assets.xcassets */; };
		5B666F712C7693B400B1601B /* BirthdaysTests.swift in Sources */ = {isa = PBXBuildFile; fileRef = 5B666F702C7693B400B1601B /* BirthdaysTests.swift */; };
		5B666F7B2C7693B400B1601B /* BirthdaysUITests.swift in Sources */ = {isa = PBXBuildFile; fileRef = 5B666F7A2C7693B400B1601B /* BirthdaysUITests.swift */; };
		5B666F7D2C7693B400B1601B /* BirthdaysUITestsLaunchTests.swift in Sources */ = {isa = PBXBuildFile; fileRef = 5B666F7C2C7693B400B1601B /* BirthdaysUITestsLaunchTests.swift */; };
		5B666F8A2C76949000B1601B /* Friend.swift in Sources */ = {isa = PBXBuildFile; fileRef = 5B666F892C76949000B1601B /* Friend.swift */; };
/* End PBXBuildFile section */

/* Begin PBXContainerItemProxy section */
		5B666F6D2C7693B400B1601B /* PBXContainerItemProxy */ = {
			isa = PBXContainerItemProxy;
			containerPortal = 5B666F542C7693B200B1601B /* Project object */;
			proxyType = 1;
			remoteGlobalIDString = 5B666F5B2C7693B200B1601B;
			remoteInfo = Birthdays;
		};
		5B666F772C7693B400B1601B /* PBXContainerItemProxy */ = {
			isa = PBXContainerItemProxy;
			containerPortal = 5B666F542C7693B200B1601B /* Project object */;
			proxyType = 1;
			remoteGlobalIDString = 5B666F5B2C7693B200B1601B;
			remoteInfo = Birthdays;
		};
/* End PBXContainerItemProxy section */

/* Begin PBXFileReference section */
		5B666F5C2C7693B200B1601B /* Birthdays.app */ = {isa = PBXFileReference; explicitFileType = wrapper.application; includeInIndex = 0; path = Birthdays.app; sourceTree = BUILT_PRODUCTS_DIR; };
		5B666F5F2C7693B200B1601B /* BirthdaysApp.swift */ = {isa = PBXFileReference; lastKnownFileType = sourcecode.swift; path = BirthdaysApp.swift; sourceTree = "<group>"; };
		5B666F612C7693B200B1601B /* ContentView.swift */ = {isa = PBXFileReference; lastKnownFileType = sourcecode.swift; path = ContentView.swift; sourceTree = "<group>"; };
		5B666F632C7693B400B1601B /* Assets.xcassets */ = {isa = PBXFileReference; lastKnownFileType = folder.assetcatalog; path = Assets.xcassets; sourceTree = "<group>"; };
		5B666F662C7693B400B1601B /* Preview Assets.xcassets */ = {isa = PBXFileReference; lastKnownFileType = folder.assetcatalog; path = "Preview Assets.xcassets"; sourceTree = "<group>"; };
		5B666F6C2C7693B400B1601B /* BirthdaysTests.xctest */ = {isa = PBXFileReference; explicitFileType = wrapper.cfbundle; includeInIndex = 0; path = BirthdaysTests.xctest; sourceTree = BUILT_PRODUCTS_DIR; };
		5B666F702C7693B400B1601B /* BirthdaysTests.swift */ = {isa = PBXFileReference; lastKnownFileType = sourcecode.swift; path = BirthdaysTests.swift; sourceTree = "<group>"; };
		5B666F762C7693B400B1601B /* BirthdaysUITests.xctest */ = {isa = PBXFileReference; explicitFileType = wrapper.cfbundle; includeInIndex = 0; path = BirthdaysUITests.xctest; sourceTree = BUILT_PRODUCTS_DIR; };
		5B666F7A2C7693B400B1601B /* BirthdaysUITests.swift */ = {isa = PBXFileReference; lastKnownFileType = sourcecode.swift; path = BirthdaysUITests.swift; sourceTree = "<group>"; };
		5B666F7C2C7693B400B1601B /* BirthdaysUITestsLaunchTests.swift */ = {isa = PBXFileReference; lastKnownFileType = sourcecode.swift; path = BirthdaysUITestsLaunchTests.swift; sourceTree = "<group>"; };
		5B666F892C76949000B1601B /* Friend.swift */ = {isa = PBXFileReference; lastKnownFileType = sourcecode.swift; path = Friend.swift; sourceTree = "<group>"; };
/* End PBXFileReference section */

/* Begin PBXFrameworksBuildPhase section */
		5B666F592C7693B200B1601B /* Frameworks */ = {
			isa = PBXFrameworksBuildPhase;
			buildActionMask = 2147483647;
			files = (
			);
			runOnlyForDeploymentPostprocessing = 0;
		};
		5B666F692C7693B400B1601B /* Frameworks */ = {
			isa = PBXFrameworksBuildPhase;
			buildActionMask = 2147483647;
			files = (
			);
			runOnlyForDeploymentPostprocessing = 0;
		};
		5B666F732C7693B400B1601B /* Frameworks */ = {
			isa = PBXFrameworksBuildPhase;
			buildActionMask = 2147483647;
			files = (
			);
			runOnlyForDeploymentPostprocessing = 0;
		};
/* End PBXFrameworksBuildPhase section */

/* Begin PBXGroup section */
		5B666F532C7693B200B1601B = {
			isa = PBXGroup;
			children = (
				5B666F5E2C7693B200B1601B /* Birthdays */,
				5B666F6F2C7693B400B1601B /* BirthdaysTests */,
				5B666F792C7693B400B1601B /* BirthdaysUITests */,
				5B666F5D2C7693B200B1601B /* Products */,
			);
			sourceTree = "<group>";
		};
		5B666F5D2C7693B200B1601B /* Products */ = {
			isa = PBXGroup;
			children = (
				5B666F5C2C7693B200B1601B /* Birthdays.app */,
				5B666F6C2C7693B400B1601B /* BirthdaysTests.xctest */,
				5B666F762C7693B400B1601B /* BirthdaysUITests.xctest */,
			);
			name = Products;
			sourceTree = "<group>";
		};
		5B666F5E2C7693B200B1601B /* Birthdays */ = {
			isa = PBXGroup;
			children = (
				5B666F5F2C7693B200B1601B /* BirthdaysApp.swift */,
				5B666F612C7693B200B1601B /* ContentView.swift */,
				5B666F632C7693B400B1601B /* Assets.xcassets */,
				5B666F652C7693B400B1601B /* Preview Content */,
				5B666F892C76949000B1601B /* Friend.swift */,
			);
			path = Birthdays;
			sourceTree = "<group>";
		};
		5B666F652C7693B400B1601B /* Preview Content */ = {
			isa = PBXGroup;
			children = (
				5B666F662C7693B400B1601B /* Preview Assets.xcassets */,
			);
			path = "Preview Content";
			sourceTree = "<group>";
		};
		5B666F6F2C7693B400B1601B /* BirthdaysTests */ = {
			isa = PBXGroup;
			children = (
				5B666F702C7693B400B1601B /* BirthdaysTests.swift */,
			);
			path = BirthdaysTests;
			sourceTree = "<group>";
		};
		5B666F792C7693B400B1601B /* BirthdaysUITests */ = {
			isa = PBXGroup;
			children = (
				5B666F7A2C7693B400B1601B /* BirthdaysUITests.swift */,
				5B666F7C2C7693B400B1601B /* BirthdaysUITestsLaunchTests.swift */,
			);
			path = BirthdaysUITests;
			sourceTree = "<group>";
		};
/* End PBXGroup section */

/* Begin PBXNativeTarget section */
		5B666F5B2C7693B200B1601B /* Birthdays */ = {
			isa = PBXNativeTarget;
			buildConfigurationList = 5B666F802C7693B400B1601B /* Build configuration list for PBXNativeTarget "Birthdays" */;
			buildPhases = (
				5B666F582C7693B200B1601B /* Sources */,
				5B666F592C7693B200B1601B /* Frameworks */,
				5B666F5A2C7693B200B1601B /* Resources */,
			);
			buildRules = (
			);
			dependencies = (
			);
			name = Birthdays;
			productName = Birthdays;
			productReference = 5B666F5C2C7693B200B1601B /* Birthdays.app */;
			productType = "com.apple.product-type.application";
		};
		5B666F6B2C7693B400B1601B /* BirthdaysTests */ = {
			isa = PBXNativeTarget;
			buildConfigurationList = 5B666F832C7693B400B1601B /* Build configuration list for PBXNativeTarget "BirthdaysTests" */;
			buildPhases = (
				5B666F682C7693B400B1601B /* Sources */,
				5B666F692C7693B400B1601B /* Frameworks */,
				5B666F6A2C7693B400B1601B /* Resources */,
			);
			buildRules = (
			);
			dependencies = (
				5B666F6E2C7693B400B1601B /* PBXTargetDependency */,
			);
			name = BirthdaysTests;
			productName = BirthdaysTests;
			productReference = 5B666F6C2C7693B400B1601B /* BirthdaysTests.xctest */;
			productType = "com.apple.product-type.bundle.unit-test";
		};
		5B666F752C7693B400B1601B /* BirthdaysUITests */ = {
			isa = PBXNativeTarget;
			buildConfigurationList = 5B666F862C7693B400B1601B /* Build configuration list for PBXNativeTarget "BirthdaysUITests" */;
			buildPhases = (
				5B666F722C7693B400B1601B /* Sources */,
				5B666F732C7693B400B1601B /* Frameworks */,
				5B666F742C7693B400B1601B /* Resources */,
			);
			buildRules = (
			);
			dependencies = (
				5B666F782C7693B400B1601B /* PBXTargetDependency */,
			);
			name = BirthdaysUITests;
			productName = BirthdaysUITests;
			productReference = 5B666F762C7693B400B1601B /* BirthdaysUITests.xctest */;
			productType = "com.apple.product-type.bundle.ui-testing";
		};
/* End PBXNativeTarget section */

/* Begin PBXProject section */
		5B666F542C7693B200B1601B /* Project object */ = {
			isa = PBXProject;
			attributes = {
				BuildIndependentTargetsInParallel = 1;
				LastSwiftUpdateCheck = 1540;
				LastUpgradeCheck = 1540;
				TargetAttributes = {
					5B666F5B2C7693B200B1601B = {
						CreatedOnToolsVersion = 15.4;
					};
					5B666F6B2C7693B400B1601B = {
						CreatedOnToolsVersion = 15.4;
						TestTargetID = 5B666F5B2C7693B200B1601B;
					};
					5B666F752C7693B400B1601B = {
						CreatedOnToolsVersion = 15.4;
						TestTargetID = 5B666F5B2C7693B200B1601B;
					};
				};
			};
			buildConfigurationList = 5B666F572C7693B200B1601B /* Build configuration list for PBXProject "Birthdays" */;
			compatibilityVersion = "Xcode 14.0";
			developmentRegion = en;
			hasScannedForEncodings = 0;
			knownRegions = (
				en,
				Base,
			);
			mainGroup = 5B666F532C7693B200B1601B;
			productRefGroup = 5B666F5D2C7693B200B1601B /* Products */;
			projectDirPath = "";
			projectRoot = "";
			targets = (
				5B666F5B2C7693B200B1601B /* Birthdays */,
				5B666F6B2C7693B400B1601B /* BirthdaysTests */,
				5B666F752C7693B400B1601B /* BirthdaysUITests */,
			);
		};
/* End PBXProject section */

/* Begin PBXResourcesBuildPhase section */
		5B666F5A2C7693B200B1601B /* Resources */ = {
			isa = PBXResourcesBuildPhase;
			buildActionMask = 2147483647;
			files = (
				5B666F672C7693B400B1601B /* Preview Assets.xcassets in Resources */,
				5B666F642C7693B400B1601B /* Assets.xcassets in Resources */,
			);
			runOnlyForDeploymentPostprocessing = 0;
		};
		5B666F6A2C7693B400B1601B /* Resources */ = {
			isa = PBXResourcesBuildPhase;
			buildActionMask = 2147483647;
			files = (
			);
			runOnlyForDeploymentPostprocessing = 0;
		};
		5B666F742C7693B400B1601B /* Resources */ = {
			isa = PBXResourcesBuildPhase;
			buildActionMask = 2147483647;
			files = (
			);
			runOnlyForDeploymentPostprocessing = 0;
		};
/* End PBXResourcesBuildPhase section */

/* Begin PBXSourcesBuildPhase section */
		5B666F582C7693B200B1601B /* Sources */ = {
			isa = PBXSourcesBuildPhase;
			buildActionMask = 2147483647;
			files = (
				5B666F8A2C76949000B1601B /* Friend.swift in Sources */,
				5B666F622C7693B200B1601B /* ContentView.swift in Sources */,
				5B666F602C7693B200B1601B /* BirthdaysApp.swift in Sources */,
			);
			runOnlyForDeploymentPostprocessing = 0;
		};
		5B666F682C7693B400B1601B /* Sources */ = {
			isa = PBXSourcesBuildPhase;
			buildActionMask = 2147483647;
			files = (
				5B666F712C7693B400B1601B /* BirthdaysTests.swift in Sources */,
			);
			runOnlyForDeploymentPostprocessing = 0;
		};
		5B666F722C7693B400B1601B /* Sources */ = {
			isa = PBXSourcesBuildPhase;
			buildActionMask = 2147483647;
			files = (
				5B666F7B2C7693B400B1601B /* BirthdaysUITests.swift in Sources */,
				5B666F7D2C7693B400B1601B /* BirthdaysUITestsLaunchTests.swift in Sources */,
			);
			runOnlyForDeploymentPostprocessing = 0;
		};
/* End PBXSourcesBuildPhase section */

/* Begin PBXTargetDependency section */
		5B666F6E2C7693B400B1601B /* PBXTargetDependency */ = {
			isa = PBXTargetDependency;
			target = 5B666F5B2C7693B200B1601B /* Birthdays */;
			targetProxy = 5B666F6D2C7693B400B1601B /* PBXContainerItemProxy */;
		};
		5B666F782C7693B400B1601B /* PBXTargetDependency */ = {
			isa = PBXTargetDependency;
			target = 5B666F5B2C7693B200B1601B /* Birthdays */;
			targetProxy = 5B666F772C7693B400B1601B /* PBXContainerItemProxy */;
		};
/* End PBXTargetDependency section */

/* Begin XCBuildConfiguration section */
		5B666F7E2C7693B400B1601B /* Debug */ = {
			isa = XCBuildConfiguration;
			buildSettings = {
				ALWAYS_SEARCH_USER_PATHS = NO;
				ASSETCATALOG_COMPILER_GENERATE_SWIFT_ASSET_SYMBOL_EXTENSIONS = YES;
				CLANG_ANALYZER_NONNULL = YES;
				CLANG_ANALYZER_NUMBER_OBJECT_CONVERSION = YES_AGGRESSIVE;
				CLANG_CXX_LANGUAGE_STANDARD = "gnu++20";
				CLANG_ENABLE_MODULES = YES;
				CLANG_ENABLE_OBJC_ARC = YES;
				CLANG_ENABLE_OBJC_WEAK = YES;
				CLANG_WARN_BLOCK_CAPTURE_AUTORELEASING = YES;
				CLANG_WARN_BOOL_CONVERSION = YES;
				CLANG_WARN_COMMA = YES;
				CLANG_WARN_CONSTANT_CONVERSION = YES;
				CLANG_WARN_DEPRECATED_OBJC_IMPLEMENTATIONS = YES;
				CLANG_WARN_DIRECT_OBJC_ISA_USAGE = YES_ERROR;
				CLANG_WARN_DOCUMENTATION_COMMENTS = YES;
				CLANG_WARN_EMPTY_BODY = YES;
				CLANG_WARN_ENUM_CONVERSION = YES;
				CLANG_WARN_INFINITE_RECURSION = YES;
				CLANG_WARN_INT_CONVERSION = YES;
				CLANG_WARN_NON_LITERAL_NULL_CONVERSION = YES;
				CLANG_WARN_OBJC_IMPLICIT_RETAIN_SELF = YES;
				CLANG_WARN_OBJC_LITERAL_CONVERSION = YES;
				CLANG_WARN_OBJC_ROOT_CLASS = YES_ERROR;
				CLANG_WARN_QUOTED_INCLUDE_IN_FRAMEWORK_HEADER = YES;
				CLANG_WARN_RANGE_LOOP_ANALYSIS = YES;
				CLANG_WARN_STRICT_PROTOTYPES = YES;
				CLANG_WARN_SUSPICIOUS_MOVE = YES;
				CLANG_WARN_UNGUARDED_AVAILABILITY = YES_AGGRESSIVE;
				CLANG_WARN_UNREACHABLE_CODE = YES;
				CLANG_WARN__DUPLICATE_METHOD_MATCH = YES;
				COPY_PHASE_STRIP = NO;
				DEBUG_INFORMATION_FORMAT = dwarf;
				ENABLE_STRICT_OBJC_MSGSEND = YES;
				ENABLE_TESTABILITY = YES;
				ENABLE_USER_SCRIPT_SANDBOXING = YES;
				GCC_C_LANGUAGE_STANDARD = gnu17;
				GCC_DYNAMIC_NO_PIC = NO;
				GCC_NO_COMMON_BLOCKS = YES;
				GCC_OPTIMIZATION_LEVEL = 0;
				GCC_PREPROCESSOR_DEFINITIONS = (
					"DEBUG=1",
					"$(inherited)",
				);
				GCC_WARN_64_TO_32_BIT_CONVERSION = YES;
				GCC_WARN_ABOUT_RETURN_TYPE = YES_ERROR;
				GCC_WARN_UNDECLARED_SELECTOR = YES;
				GCC_WARN_UNINITIALIZED_AUTOS = YES_AGGRESSIVE;
				GCC_WARN_UNUSED_FUNCTION = YES;
				GCC_WARN_UNUSED_VARIABLE = YES;
				IPHONEOS_DEPLOYMENT_TARGET = 17.5;
				LOCALIZATION_PREFERS_STRING_CATALOGS = YES;
				MTL_ENABLE_DEBUG_INFO = INCLUDE_SOURCE;
				MTL_FAST_MATH = YES;
				ONLY_ACTIVE_ARCH = YES;
				SDKROOT = iphoneos;
				SWIFT_ACTIVE_COMPILATION_CONDITIONS = "DEBUG $(inherited)";
				SWIFT_OPTIMIZATION_LEVEL = "-Onone";
			};
			name = Debug;
		};
		5B666F7F2C7693B400B1601B /* Release */ = {
			isa = XCBuildConfiguration;
			buildSettings = {
				ALWAYS_SEARCH_USER_PATHS = NO;
				ASSETCATALOG_COMPILER_GENERATE_SWIFT_ASSET_SYMBOL_EXTENSIONS = YES;
				CLANG_ANALYZER_NONNULL = YES;
				CLANG_ANALYZER_NUMBER_OBJECT_CONVERSION = YES_AGGRESSIVE;
				CLANG_CXX_LANGUAGE_STANDARD = "gnu++20";
				CLANG_ENABLE_MODULES = YES;
				CLANG_ENABLE_OBJC_ARC = YES;
				CLANG_ENABLE_OBJC_WEAK = YES;
				CLANG_WARN_BLOCK_CAPTURE_AUTORELEASING = YES;
				CLANG_WARN_BOOL_CONVERSION = YES;
				CLANG_WARN_COMMA = YES;
				CLANG_WARN_CONSTANT_CONVERSION = YES;
				CLANG_WARN_DEPRECATED_OBJC_IMPLEMENTATIONS = YES;
				CLANG_WARN_DIRECT_OBJC_ISA_USAGE = YES_ERROR;
				CLANG_WARN_DOCUMENTATION_COMMENTS = YES;
				CLANG_WARN_EMPTY_BODY = YES;
				CLANG_WARN_ENUM_CONVERSION = YES;
				CLANG_WARN_INFINITE_RECURSION = YES;
				CLANG_WARN_INT_CONVERSION = YES;
				CLANG_WARN_NON_LITERAL_NULL_CONVERSION = YES;
				CLANG_WARN_OBJC_IMPLICIT_RETAIN_SELF = YES;
				CLANG_WARN_OBJC_LITERAL_CONVERSION = YES;
				CLANG_WARN_OBJC_ROOT_CLASS = YES_ERROR;
				CLANG_WARN_QUOTED_INCLUDE_IN_FRAMEWORK_HEADER = YES;
				CLANG_WARN_RANGE_LOOP_ANALYSIS = YES;
				CLANG_WARN_STRICT_PROTOTYPES = YES;
				CLANG_WARN_SUSPICIOUS_MOVE = YES;
				CLANG_WARN_UNGUARDED_AVAILABILITY = YES_AGGRESSIVE;
				CLANG_WARN_UNREACHABLE_CODE = YES;
				CLANG_WARN__DUPLICATE_METHOD_MATCH = YES;
				COPY_PHASE_STRIP = NO;
				DEBUG_INFORMATION_FORMAT = "dwarf-with-dsym";
				ENABLE_NS_ASSERTIONS = NO;
				ENABLE_STRICT_OBJC_MSGSEND = YES;
				ENABLE_USER_SCRIPT_SANDBOXING = YES;
				GCC_C_LANGUAGE_STANDARD = gnu17;
				GCC_NO_COMMON_BLOCKS = YES;
				GCC_WARN_64_TO_32_BIT_CONVERSION = YES;
				GCC_WARN_ABOUT_RETURN_TYPE = YES_ERROR;
				GCC_WARN_UNDECLARED_SELECTOR = YES;
				GCC_WARN_UNINITIALIZED_AUTOS = YES_AGGRESSIVE;
				GCC_WARN_UNUSED_FUNCTION = YES;
				GCC_WARN_UNUSED_VARIABLE = YES;
				IPHONEOS_DEPLOYMENT_TARGET = 17.5;
				LOCALIZATION_PREFERS_STRING_CATALOGS = YES;
				MTL_ENABLE_DEBUG_INFO = NO;
				MTL_FAST_MATH = YES;
				SDKROOT = iphoneos;
				SWIFT_COMPILATION_MODE = wholemodule;
				VALIDATE_PRODUCT = YES;
			};
			name = Release;
		};
		5B666F812C7693B400B1601B /* Debug */ = {
			isa = XCBuildConfiguration;
			buildSettings = {
				ASSETCATALOG_COMPILER_APPICON_NAME = AppIcon;
				ASSETCATALOG_COMPILER_GLOBAL_ACCENT_COLOR_NAME = AccentColor;
				CODE_SIGN_STYLE = Automatic;
				CURRENT_PROJECT_VERSION = 1;
				DEVELOPMENT_ASSET_PATHS = "\"Birthdays/Preview Content\"";
				DEVELOPMENT_TEAM = 6GSKP79G95;
				ENABLE_PREVIEWS = YES;
				GENERATE_INFOPLIST_FILE = YES;
				INFOPLIST_KEY_UIApplicationSceneManifest_Generation = YES;
				INFOPLIST_KEY_UIApplicationSupportsIndirectInputEvents = YES;
				INFOPLIST_KEY_UILaunchScreen_Generation = YES;
				INFOPLIST_KEY_UISupportedInterfaceOrientations_iPad = "UIInterfaceOrientationPortrait UIInterfaceOrientationPortraitUpsideDown UIInterfaceOrientationLandscapeLeft UIInterfaceOrientationLandscapeRight";
				INFOPLIST_KEY_UISupportedInterfaceOrientations_iPhone = "UIInterfaceOrientationPortrait UIInterfaceOrientationLandscapeLeft UIInterfaceOrientationLandscapeRight";
				LD_RUNPATH_SEARCH_PATHS = (
					"$(inherited)",
					"@executable_path/Frameworks",
				);
				MARKETING_VERSION = 1.0;
				PRODUCT_BUNDLE_IDENTIFIER = com.theronjones.Birthdays;
				PRODUCT_NAME = "$(TARGET_NAME)";
				SWIFT_EMIT_LOC_STRINGS = YES;
				SWIFT_VERSION = 5.0;
				TARGETED_DEVICE_FAMILY = "1,2";
			};
			name = Debug;
		};
		5B666F822C7693B400B1601B /* Release */ = {
			isa = XCBuildConfiguration;
			buildSettings = {
				ASSETCATALOG_COMPILER_APPICON_NAME = AppIcon;
				ASSETCATALOG_COMPILER_GLOBAL_ACCENT_COLOR_NAME = AccentColor;
				CODE_SIGN_STYLE = Automatic;
				CURRENT_PROJECT_VERSION = 1;
				DEVELOPMENT_ASSET_PATHS = "\"Birthdays/Preview Content\"";
				DEVELOPMENT_TEAM = 6GSKP79G95;
				ENABLE_PREVIEWS = YES;
				GENERATE_INFOPLIST_FILE = YES;
				INFOPLIST_KEY_UIApplicationSceneManifest_Generation = YES;
				INFOPLIST_KEY_UIApplicationSupportsIndirectInputEvents = YES;
				INFOPLIST_KEY_UILaunchScreen_Generation = YES;
				INFOPLIST_KEY_UISupportedInterfaceOrientations_iPad = "UIInterfaceOrientationPortrait UIInterfaceOrientationPortraitUpsideDown UIInterfaceOrientationLandscapeLeft UIInterfaceOrientationLandscapeRight";
				INFOPLIST_KEY_UISupportedInterfaceOrientations_iPhone = "UIInterfaceOrientationPortrait UIInterfaceOrientationLandscapeLeft UIInterfaceOrientationLandscapeRight";
				LD_RUNPATH_SEARCH_PATHS = (
					"$(inherited)",
					"@executable_path/Frameworks",
				);
				MARKETING_VERSION = 1.0;
				PRODUCT_BUNDLE_IDENTIFIER = com.theronjones.Birthdays;
				PRODUCT_NAME = "$(TARGET_NAME)";
				SWIFT_EMIT_LOC_STRINGS = YES;
				SWIFT_VERSION = 5.0;
				TARGETED_DEVICE_FAMILY = "1,2";
			};
			name = Release;
		};
		5B666F842C7693B400B1601B /* Debug */ = {
			isa = XCBuildConfiguration;
			buildSettings = {
				ALWAYS_EMBED_SWIFT_STANDARD_LIBRARIES = YES;
				BUNDLE_LOADER = "$(TEST_HOST)";
				CODE_SIGN_STYLE = Automatic;
				CURRENT_PROJECT_VERSION = 1;
				DEVELOPMENT_TEAM = 6GSKP79G95;
				GENERATE_INFOPLIST_FILE = YES;
				IPHONEOS_DEPLOYMENT_TARGET = 17.5;
				MARKETING_VERSION = 1.0;
				PRODUCT_BUNDLE_IDENTIFIER = com.theronjones.BirthdaysTests;
				PRODUCT_NAME = "$(TARGET_NAME)";
				SWIFT_EMIT_LOC_STRINGS = NO;
				SWIFT_VERSION = 5.0;
				TARGETED_DEVICE_FAMILY = "1,2";
				TEST_HOST = "$(BUILT_PRODUCTS_DIR)/Birthdays.app/$(BUNDLE_EXECUTABLE_FOLDER_PATH)/Birthdays";
			};
			name = Debug;
		};
		5B666F852C7693B400B1601B /* Release */ = {
			isa = XCBuildConfiguration;
			buildSettings = {
				ALWAYS_EMBED_SWIFT_STANDARD_LIBRARIES = YES;
				BUNDLE_LOADER = "$(TEST_HOST)";
				CODE_SIGN_STYLE = Automatic;
				CURRENT_PROJECT_VERSION = 1;
				DEVELOPMENT_TEAM = 6GSKP79G95;
				GENERATE_INFOPLIST_FILE = YES;
				IPHONEOS_DEPLOYMENT_TARGET = 17.5;
				MARKETING_VERSION = 1.0;
				PRODUCT_BUNDLE_IDENTIFIER = com.theronjones.BirthdaysTests;
				PRODUCT_NAME = "$(TARGET_NAME)";
				SWIFT_EMIT_LOC_STRINGS = NO;
				SWIFT_VERSION = 5.0;
				TARGETED_DEVICE_FAMILY = "1,2";
				TEST_HOST = "$(BUILT_PRODUCTS_DIR)/Birthdays.app/$(BUNDLE_EXECUTABLE_FOLDER_PATH)/Birthdays";
			};
			name = Release;
		};
		5B666F872C7693B400B1601B /* Debug */ = {
			isa = XCBuildConfiguration;
			buildSettings = {
				ALWAYS_EMBED_SWIFT_STANDARD_LIBRARIES = YES;
				CODE_SIGN_STYLE = Automatic;
				CURRENT_PROJECT_VERSION = 1;
				DEVELOPMENT_TEAM = 6GSKP79G95;
				GENERATE_INFOPLIST_FILE = YES;
				MARKETING_VERSION = 1.0;
				PRODUCT_BUNDLE_IDENTIFIER = com.theronjones.BirthdaysUITests;
				PRODUCT_NAME = "$(TARGET_NAME)";
				SWIFT_EMIT_LOC_STRINGS = NO;
				SWIFT_VERSION = 5.0;
				TARGETED_DEVICE_FAMILY = "1,2";
				TEST_TARGET_NAME = Birthdays;
			};
			name = Debug;
		};
		5B666F882C7693B400B1601B /* Release */ = {
			isa = XCBuildConfiguration;
			buildSettings = {
				ALWAYS_EMBED_SWIFT_STANDARD_LIBRARIES = YES;
				CODE_SIGN_STYLE = Automatic;
				CURRENT_PROJECT_VERSION = 1;
				DEVELOPMENT_TEAM = 6GSKP79G95;
				GENERATE_INFOPLIST_FILE = YES;
				MARKETING_VERSION = 1.0;
				PRODUCT_BUNDLE_IDENTIFIER = com.theronjones.BirthdaysUITests;
				PRODUCT_NAME = "$(TARGET_NAME)";
				SWIFT_EMIT_LOC_STRINGS = NO;
				SWIFT_VERSION = 5.0;
				TARGETED_DEVICE_FAMILY = "1,2";
				TEST_TARGET_NAME = Birthdays;
			};
			name = Release;
		};
/* End XCBuildConfiguration section */

/* Begin XCConfigurationList section */
		5B666F572C7693B200B1601B /* Build configuration list for PBXProject "Birthdays" */ = {
			isa = XCConfigurationList;
			buildConfigurations = (
				5B666F7E2C7693B400B1601B /* Debug */,
				5B666F7F2C7693B400B1601B /* Release */,
			);
			defaultConfigurationIsVisible = 0;
			defaultConfigurationName = Release;
		};
		5B666F802C7693B400B1601B /* Build configuration list for PBXNativeTarget "Birthdays" */ = {
			isa = XCConfigurationList;
			buildConfigurations = (
				5B666F812C7693B400B1601B /* Debug */,
				5B666F822C7693B400B1601B /* Release */,
			);
			defaultConfigurationIsVisible = 0;
			defaultConfigurationName = Release;
		};
		5B666F832C7693B400B1601B /* Build configuration list for PBXNativeTarget "BirthdaysTests" */ = {
			isa = XCConfigurationList;
			buildConfigurations = (
				5B666F842C7693B400B1601B /* Debug */,
				5B666F852C7693B400B1601B /* Release */,
			);
			defaultConfigurationIsVisible = 0;
			defaultConfigurationName = Release;
		};
		5B666F862C7693B400B1601B /* Build configuration list for PBXNativeTarget "BirthdaysUITests" */ = {
			isa = XCConfigurationList;
			buildConfigurations = (
				5B666F872C7693B400B1601B /* Debug */,
				5B666F882C7693B400B1601B /* Release */,
			);
			defaultConfigurationIsVisible = 0;
			defaultConfigurationName = Release;
		};
/* End XCConfigurationList section */
	};
	rootObject = 5B666F542C7693B200B1601B /* Project object */;
}
